%{"amqp": {:hex, :amqp, "0.1.0"},
  "amqp_client": {:hex, :amqp_client, "3.4.0"},
  "conform": {:hex, :conform, "0.11.0"},
  "couchbeam": {:git, "git://github.com/benoitc/couchbeam.git", "c16d030fed2ecd91f69a95dcdf7fac1c26b82856", [tag: "1.1.7"]},
  "couchex": {:git, "git://github.com/ringling/couchex.git", "02231e1df74dd95ee36e675513a2e5e14c3299c6", []},
  "dotenv": {:hex, :dotenv, "0.0.4"},
  "exrm": {:hex, :exrm, "0.14.17"},
  "hackney": {:hex, :hackney, "1.1.0"},
  "httpotion": {:hex, :httpotion, "1.0.0"},
  "ibrowse": {:git, "git://github.com/cmullaparthi/ibrowse.git", "7871e2ebe8811efb64e1917e2de455fa87e8dfe3", [tag: "v4.1.0"]},
  "idna": {:hex, :idna, "1.0.2"},
  "jsx": {:git, "git://github.com/talentdeficit/jsx.git", "4d549dd8a990e282c3d57c5f73213674c05ebf07", [tag: "v2.1.1"]},
  "meck": {:hex, :meck, "0.8.2"},
  "mock": {:hex, :mock, "0.1.0"},
  "oauth": {:git, "git://github.com/refuge/erlang-oauth.git", "d50a78688b6b489ae0a57799519b88f3b9f81401", [ref: "master"]},
  "poison": {:hex, :poison, "1.4.0"},
  "rabbit_common": {:hex, :rabbit_common, "3.4.0"},
  "raven": {:git, "git://github.com/lokalebasen/raven-elixir.git", "c03e696be9bc2be9b0df2e72a8652407671d37ab", []},
  "ssl_verify_hostname": {:hex, :ssl_verify_hostname, "1.0.4"},
  "timex": {:hex, :timex, "0.13.4"},
  "uuid": {:hex, :uuid, "0.1.5"},
  "xml_builder": {:hex, :xml_builder, "0.0.5"}}
